
Microsoft Visual Studio Solution File, Format Version 12.00
# Visual Studio Version 17
VisualStudioVersion = 17.14.36408.4 d17.14
MinimumVisualStudioVersion = 10.0.40219.1
Project("{FAE04EC0-301F-11D3-BF4B-00C04F79EFBC}") = "Pomoberry.UI", "PomodoroTimer.UI\Pomoberry.UI.csproj", "{26CCFF08-B364-4FD2-85A2-EBE9797ABBDC}"
EndProject
Project("{FAE04EC0-301F-11D3-BF4B-00C04F79EFBC}") = "Pomoberry.Core", "Pomoberry.Core\Pomoberry.Core.csproj", "{631CA1FC-4BF0-43E3-A316-F15210076F6C}"
EndProject
Global
	GlobalSection(SolutionConfigurationPlatforms) = preSolution
		Debug|Any CPU = Debug|Any CPU
		Release|Any CPU = Release|Any CPU
	EndGlobalSection
	GlobalSection(ProjectConfigurationPlatforms) = postSolution
		{26CCFF08-B364-4FD2-85A2-EBE9797ABBDC}.Debug|Any CPU.ActiveCfg = Debug|Any CPU
		{26CCFF08-B364-4FD2-85A2-EBE9797ABBDC}.Debug|Any CPU.Build.0 = Debug|Any CPU
		{26CCFF08-B364-4FD2-85A2-EBE9797ABBDC}.Release|Any CPU.ActiveCfg = Release|Any CPU
		{26CCFF08-B364-4FD2-85A2-EBE9797ABBDC}.Release|Any CPU.Build.0 = Release|Any CPU
		{631CA1FC-4BF0-43E3-A316-F15210076F6C}.Debug|Any CPU.ActiveCfg = Debug|Any CPU
		{631CA1FC-4BF0-43E3-A316-F15210076F6C}.Debug|Any CPU.Build.0 = Debug|Any CPU
		{631CA1FC-4BF0-43E3-A316-F15210076F6C}.Release|Any CPU.ActiveCfg = Release|Any CPU
		{631CA1FC-4BF0-43E3-A316-F15210076F6C}.Release|Any CPU.Build.0 = Release|Any CPU
	EndGlobalSection
	GlobalSection(SolutionProperties) = preSolution
		HideSolutionNode = FALSE
	EndGlobalSection
	GlobalSection(ExtensibilityGlobals) = postSolution
		SolutionGuid = {0F4FE1FC-E21C-4143-9864-32C4EDA184FC}
	EndGlobalSection
EndGlobal
